PODS:
  - Alamofire (4.9.1)
  - Charts (3.4.0):
    - Charts/Core (= 3.4.0)
  - Charts/Core (3.4.0)
  - DZNEmptyDataSet (1.8.1)
  - Firebase/Analytics (6.14.0):
    - Firebase/Core
  - Firebase/Core (6.14.0):
    - Firebase/CoreOnly
    - FirebaseAnalytics (= 6.1.7)
  - Firebase/CoreOnly (6.14.0):
    - FirebaseCore (= 6.5.0)
  - Firebase/DynamicLinks (6.14.0):
    - Firebase/CoreOnly
    - FirebaseDynamicLinks (~> 4.0.6)
  - FirebaseAnalytics (6.1.7):
    - FirebaseCore (~> 6.5)
    - FirebaseInstanceID (~> 4.2)
    - GoogleAppMeasurement (= 6.1.7)
    - GoogleUtilities/AppDelegateSwizzler (~> 6.0)
    - GoogleUtilities/MethodSwizzler (~> 6.0)
    - GoogleUtilities/Network (~> 6.0)
    - "GoogleUtilities/NSData+zlib (~> 6.0)"
    - nanopb (= 0.3.9011)
  - FirebaseAnalyticsInterop (1.4.0)
  - FirebaseCore (6.5.0):
    - FirebaseCoreDiagnostics (~> 1.0)
    - FirebaseCoreDiagnosticsInterop (~> 1.0)
    - GoogleUtilities/Environment (~> 6.4)
    - GoogleUtilities/Logger (~> 6.4)
  - FirebaseCoreDiagnostics (1.1.2):
    - FirebaseCoreDiagnosticsInterop (~> 1.0)
    - GoogleDataTransportCCTSupport (~> 1.0)
    - GoogleUtilities/Environment (~> 6.2)
    - GoogleUtilities/Logger (~> 6.2)
    - nanopb (~> 0.3.901)
  - FirebaseCoreDiagnosticsInterop (1.1.0)
  - FirebaseDynamicLinks (4.0.6):
    - FirebaseAnalyticsInterop (~> 1.3)
    - FirebaseCore (~> 6.2)
  - FirebaseInstanceID (4.2.8):
    - FirebaseCore (~> 6.5)
    - GoogleUtilities/Environment (~> 6.4)
    - GoogleUtilities/UserDefaults (~> 6.4)
  - Gifu (3.2.0)
  - GoogleAppMeasurement (6.1.7):
    - GoogleUtilities/AppDelegateSwizzler (~> 6.0)
    - GoogleUtilities/MethodSwizzler (~> 6.0)
    - GoogleUtilities/Network (~> 6.0)
    - "GoogleUtilities/NSData+zlib (~> 6.0)"
    - nanopb (= 0.3.9011)
  - GoogleDataTransport (3.2.0)
  - GoogleDataTransportCCTSupport (1.2.3):
    - GoogleDataTransport (~> 3.2)
    - nanopb (~> 0.3.901)
  - GoogleUtilities/AppDelegateSwizzler (6.4.0):
    - GoogleUtilities/Environment
    - GoogleUtilities/Logger
    - GoogleUtilities/Network
  - GoogleUtilities/Environment (6.4.0)
  - GoogleUtilities/Logger (6.4.0):
    - GoogleUtilities/Environment
  - GoogleUtilities/MethodSwizzler (6.4.0):
    - GoogleUtilities/Logger
  - GoogleUtilities/Network (6.4.0):
    - GoogleUtilities/Logger
    - "GoogleUtilities/NSData+zlib"
    - GoogleUtilities/Reachability
  - "GoogleUtilities/NSData+zlib (6.4.0)"
  - GoogleUtilities/Reachability (6.4.0):
    - GoogleUtilities/Logger
  - GoogleUtilities/UserDefaults (6.4.0):
    - GoogleUtilities/Logger
  - JKSteppedProgressBar (0.5.0)
  - Mixpanel-swift (2.6.3):
    - Mixpanel-swift/Complete (= 2.6.3)
  - Mixpanel-swift/Complete (2.6.3)
  - Moya (13.0.1):
    - Moya/Core (= 13.0.1)
  - Moya/Core (13.0.1):
    - Alamofire (~> 4.1)
    - Result (~> 4.1)
  - nanopb (0.3.9011):
    - nanopb/decode (= 0.3.9011)
    - nanopb/encode (= 0.3.9011)
  - nanopb/decode (0.3.9011)
  - nanopb/encode (0.3.9011)
  - OAuthSwift (2.1.0)
  - Permission/Camera (2.0.4):
    - Permission/Core
  - Permission/Contacts (2.0.4):
    - Permission/Core
  - Permission/Core (2.0.4)
  - Permission/Location (2.0.4):
    - Permission/Core
  - Permission/Notifications (2.0.4):
    - Permission/Core
  - Permission/Photos (2.0.4):
    - Permission/Core
  - PhoneNumberKit (2.6.0):
    - PhoneNumberKit/PhoneNumberKitCore (= 2.6.0)
    - PhoneNumberKit/UIKit (= 2.6.0)
  - PhoneNumberKit/PhoneNumberKitCore (2.6.0)
  - PhoneNumberKit/UIKit (2.6.0):
    - PhoneNumberKit/PhoneNumberKitCore
  - PMAlertController (4.0.0)
  - ReachabilitySwift (4.3.1)
  - Result (4.1.0)
  - Sheeeeeeeeet (2.0.2)
  - Strongbox (0.5.3)
  - SVProgressHUD (2.2.5)
  - SwiftMessages (7.0.1):
    - SwiftMessages/App (= 7.0.1)
  - SwiftMessages/App (7.0.1)
  - Willow (5.2.1)

DEPENDENCIES:
  - Charts (~> 3.4.0)
  - DZNEmptyDataSet (~> 1.8.1)
  - Firebase/Analytics (~> 6.14.0)
  - Firebase/DynamicLinks (~> 6.14.0)
  - Gifu (~> 3.2.0)
  - JKSteppedProgressBar (from `https://github.com/MitchellMalleo/JKSteppedProgressBar.git`, commit `0519aa3`)
  - Mixpanel-swift (~> 2.6.2)
  - Moya (~> 13.0.1)
  - OAuthSwift (~> 2.1.0)
  - Permission/Camera (from `https://github.com/SixFiveSoftware/Permission.git`, commit `659c257`)
  - Permission/Contacts (from `https://github.com/SixFiveSoftware/Permission.git`, commit `659c257`)
  - Permission/Location (from `https://github.com/SixFiveSoftware/Permission.git`, commit `659c257`)
  - Permission/Notifications (from `https://github.com/SixFiveSoftware/Permission.git`, commit `659c257`)
  - Permission/Photos (from `https://github.com/SixFiveSoftware/Permission.git`, commit `659c257`)
  - PhoneNumberKit (from `https://github.com/blwinters/PhoneNumberKit.git`, commit `6222471`)
  - PMAlertController (~> 4.0.0)
  - ReachabilitySwift (~> 4.3.1)
  - Sheeeeeeeeet (~> 2.0.2)
  - Strongbox (~> 0.5.3)
  - SVProgressHUD (~> 2.2.5)
  - SwiftMessages (~> 7.0.0)
  - Willow (~> 5.0)

SPEC REPOS:
  https://github.com/cocoapods/specs.git:
    - Alamofire
    - Charts
    - DZNEmptyDataSet
    - Firebase
    - FirebaseAnalytics
    - FirebaseAnalyticsInterop
    - FirebaseCore
    - FirebaseCoreDiagnostics
    - FirebaseCoreDiagnosticsInterop
    - FirebaseDynamicLinks
    - FirebaseInstanceID
    - Gifu
    - GoogleAppMeasurement
    - GoogleDataTransport
    - GoogleDataTransportCCTSupport
    - GoogleUtilities
    - Mixpanel-swift
    - Moya
    - nanopb
    - OAuthSwift
    - PMAlertController
    - ReachabilitySwift
    - Result
    - Sheeeeeeeeet
    - Strongbox
    - SVProgressHUD
    - SwiftMessages
    - Willow

EXTERNAL SOURCES:
  JKSteppedProgressBar:
    :commit: 0519aa3
    :git: https://github.com/MitchellMalleo/JKSteppedProgressBar.git
  Permission:
    :commit: 659c257
    :git: https://github.com/SixFiveSoftware/Permission.git
  PhoneNumberKit:
    :commit: '6222471'
    :git: https://github.com/blwinters/PhoneNumberKit.git

CHECKOUT OPTIONS:
  JKSteppedProgressBar:
    :commit: 0519aa3
    :git: https://github.com/MitchellMalleo/JKSteppedProgressBar.git
  Permission:
    :commit: 659c257
    :git: https://github.com/SixFiveSoftware/Permission.git
  PhoneNumberKit:
    :commit: '6222471'
    :git: https://github.com/blwinters/PhoneNumberKit.git

SPEC CHECKSUMS:
  Alamofire: 85e8a02c69d6020a0d734f6054870d7ecb75cf18
  Charts: 74c9f256eaf0460c0c416522d1cf8c634ea6b286
  DZNEmptyDataSet: 9525833b9e68ac21c30253e1d3d7076cc828eaa7
  Firebase: 0219bb4782eb1406f1b9b0628a2e625484ce910d
  FirebaseAnalytics: f68b9f3f1241385129ae0a83b63627fc420c05e5
  FirebaseAnalyticsInterop: d48b6ab67bcf016a05e55b71fc39c61c0cb6b7f3
  FirebaseCore: 632e05cc5e1199d9147122c16d92305eb04c34bd
  FirebaseCoreDiagnostics: 511f4f3ed7d440bb69127e8b97c2bc8befae639e
  FirebaseCoreDiagnosticsInterop: e9b1b023157e3a2fc6418b5cb601e79b9af7b3a0
  FirebaseDynamicLinks: 5ba2a0d46ba1615c6c08819fc964c495ca1d0845
  FirebaseInstanceID: ce993a3c3670a8f5d47ce371ac5d143c560608c5
  Gifu: 7bcb6427457d85e0b4dff5a84ec5947ac19a93ea
  GoogleAppMeasurement: db118eb61a97dd8c4f7014e368d3c335cbbcf80a
  GoogleDataTransport: 8e9b210c97d55fbff306cc5468ff91b9cb32dcf5
  GoogleDataTransportCCTSupport: 202d7cdf9c4a7d81a2bb7f7e7e1ba6faa421b1f2
  GoogleUtilities: 29bd0d8f850efbd28cff6d99e8b7da1f8d236bcf
  JKSteppedProgressBar: e61561a7faee1a4a216ac4510b4b6d1a3760e318
  Mixpanel-swift: b022ad6cc352f916581b4f223f8a1e76d047fbe3
  Moya: f4a4b80ff2f8a4ffc208dfb31cd91636622fee6e
  nanopb: 18003b5e52dab79db540fe93fe9579f399bd1ccd
  OAuthSwift: ab1675598273e04355e0282459c328e65c9ddacd
  Permission: c53c7235f14d76cd2851364df0a7cf05b464037f
  PhoneNumberKit: 167ee1f0bbb6efce7c62559e620eae745595532f
  PMAlertController: 5fad2da8b9eb687134ed50c3462fed12c3afe976
  ReachabilitySwift: 4032e2f59586e11e3b0ebe15b167abdd587a388b
  Result: bd966fac789cc6c1563440b348ab2598cc24d5c7
  Sheeeeeeeeet: c3e93fa430d8b5259ab8c526e8c3a81ba515b07f
  Strongbox: 83764666aa2497027b1a40691b8e366e17be8bee
  SVProgressHUD: 1428aafac632c1f86f62aa4243ec12008d7a51d6
  SwiftMessages: b577dc7043be8b299857ab35bb663dbff6483bd0
  Willow: a6310f9aedcb6f4de8c35b94fd3416a660ae9280

PODFILE CHECKSUM: 039fe0b1cf48638e9f853bf91f0229bcc91acce4

COCOAPODS: 1.7.5
