PODS:
  - Alamofire (4.8.2)
  - DZNEmptyDataSet (1.8.1)
  - JKSteppedProgressBar (0.5.0)
  - Mixpanel-swift (2.6.3):
    - Mixpanel-swift/Complete (= 2.6.3)
  - Mixpanel-swift/Complete (2.6.3)
  - MMDrawerController (0.6.0):
    - MMDrawerController/Core (= 0.6.0)
    - MMDrawerController/MMDrawerBarButtonItem (= 0.6.0)
    - MMDrawerController/MMDrawerVisualStates (= 0.6.0)
    - MMDrawerController/Subclass (= 0.6.0)
  - MMDrawerController/Core (0.6.0)
  - MMDrawerController/MMDrawerBarButtonItem (0.6.0):
    - MMDrawerController/Core
  - MMDrawerController/MMDrawerVisualStates (0.6.0):
    - MMDrawerController/Core
  - MMDrawerController/Subclass (0.6.0):
    - MMDrawerController/Core
  - Moya (13.0.1):
    - Moya/Core (= 13.0.1)
  - Moya/Core (13.0.1):
    - Alamofire (~> 4.1)
    - Result (~> 4.1)
  - Permission/Camera (2.0.4):
    - Permission/Core
  - Permission/Contacts (2.0.4):
    - Permission/Core
  - Permission/Core (2.0.4)
  - Permission/Location (2.0.4):
    - Permission/Core
  - Permission/Notifications (2.0.4):
    - Permission/Core
  - PhoneNumberKit (2.6.0):
    - PhoneNumberKit/PhoneNumberKitCore (= 2.6.0)
    - PhoneNumberKit/UIKit (= 2.6.0)
  - PhoneNumberKit/PhoneNumberKitCore (2.6.0)
  - PhoneNumberKit/UIKit (2.6.0):
    - PhoneNumberKit/PhoneNumberKitCore
  - ReachabilitySwift (4.3.1)
  - Result (4.1.0)
  - RNCryptor (5.1.0)
  - SVProgressHUD (2.2.5)
  - Willow (5.2.1)

DEPENDENCIES:
  - DZNEmptyDataSet (~> 1.8)
  - JKSteppedProgressBar (from `https://github.com/MitchellMalleo/JKSteppedProgressBar.git`, commit `0519aa3`)
  - Mixpanel-swift (~> 2.6.2)
  - MMDrawerController (~> 0.6.0)
  - Moya (~> 13.0.1)
  - Permission/Camera (from `https://github.com/SixFiveSoftware/Permission.git`, commit `659c257`)
  - Permission/Contacts (from `https://github.com/SixFiveSoftware/Permission.git`, commit `659c257`)
  - Permission/Location (from `https://github.com/SixFiveSoftware/Permission.git`, commit `659c257`)
  - Permission/Notifications (from `https://github.com/SixFiveSoftware/Permission.git`, commit `659c257`)
  - PhoneNumberKit (from `https://github.com/blwinters/PhoneNumberKit.git`, commit `4603819`)
  - ReachabilitySwift (~> 4.3.1)
  - RNCryptor (~> 5.1.0)
  - SVProgressHUD (~> 2.2.5)
  - Willow (~> 5.0)

SPEC REPOS:
  https://github.com/cocoapods/specs.git:
    - Alamofire
    - DZNEmptyDataSet
    - Mixpanel-swift
    - MMDrawerController
    - Moya
    - ReachabilitySwift
    - Result
    - RNCryptor
    - SVProgressHUD
    - Willow

EXTERNAL SOURCES:
  JKSteppedProgressBar:
    :commit: 0519aa3
    :git: https://github.com/MitchellMalleo/JKSteppedProgressBar.git
  Permission:
    :commit: 659c257
    :git: https://github.com/SixFiveSoftware/Permission.git
  PhoneNumberKit:
    :commit: '4603819'
    :git: https://github.com/blwinters/PhoneNumberKit.git

CHECKOUT OPTIONS:
  JKSteppedProgressBar:
    :commit: 0519aa3
    :git: https://github.com/MitchellMalleo/JKSteppedProgressBar.git
  Permission:
    :commit: 659c257
    :git: https://github.com/SixFiveSoftware/Permission.git
  PhoneNumberKit:
    :commit: '4603819'
    :git: https://github.com/blwinters/PhoneNumberKit.git

SPEC CHECKSUMS:
  Alamofire: ae5c501addb7afdbb13687d7f2f722c78734c2d3
  DZNEmptyDataSet: 9525833b9e68ac21c30253e1d3d7076cc828eaa7
  JKSteppedProgressBar: e61561a7faee1a4a216ac4510b4b6d1a3760e318
  Mixpanel-swift: b022ad6cc352f916581b4f223f8a1e76d047fbe3
  MMDrawerController: e3a54a5570388463ad3b36975251575b50c4e1a0
  Moya: f4a4b80ff2f8a4ffc208dfb31cd91636622fee6e
  Permission: c53c7235f14d76cd2851364df0a7cf05b464037f
  PhoneNumberKit: 167ee1f0bbb6efce7c62559e620eae745595532f
  ReachabilitySwift: 4032e2f59586e11e3b0ebe15b167abdd587a388b
  Result: bd966fac789cc6c1563440b348ab2598cc24d5c7
  RNCryptor: a369134686cd2ad391323cc856b62e591193ba79
  SVProgressHUD: 1428aafac632c1f86f62aa4243ec12008d7a51d6
  Willow: a6310f9aedcb6f4de8c35b94fd3416a660ae9280

PODFILE CHECKSUM: df12f37cb62bca309272a36d265ea53cc6d91910

COCOAPODS: 1.7.1
